{
  "originHash" : "f3e244091ec22b451591d9166e440951c57e6dabaa9a2fcd0b919c862e2c28a7",
  "pins" : [
    {
      "identity" : "devicekit",
      "kind" : "remoteSourceControl",
      "location" : "https://github.com/devicekit/DeviceKit",
      "state" : {
        "revision" : "56b997e8a61707218f9af09f32b2a1d1806fd792",
        "version" : "5.8.0"
      }
    },
    {
      "identity" : "screchkit",
      "kind" : "remoteSourceControl",
      "location" : "https://github.com/TopScrech/ScrechKit",
      "state" : {
        "branch" : "main",
        "revision" : "a2f1a8b71c3b389cdf9917b14673d747d75ca051"
      }
    }
  ],
  "version" : 3
}
